{
  "lockfileVersion": 1,
  "configVersion": 1,
  "workspaces": {
    "": {
      "name": "flitter",
      "devDependencies": {
        "bun-types": "^1.1.0",
        "typescript": "^5.4.0",
      },
    },
    "apps/flitter-cli": {
      "name": "flitter-cli-app",
      "version": "0.1.0",
      "bin": {
        "flitter": "./bin/flitter.ts",
      },
      "dependencies": {
        "flitter": "workspace:*",
      },
      "devDependencies": {
        "bun-types": "^1.1.0",
        "typescript": "^5.4.0",
      },
    },
    "packages/agent-core": {
      "name": "@flitter/agent-core",
      "version": "0.1.0",
      "dependencies": {
        "@flitter/schemas": "workspace:*",
        "@flitter/util": "workspace:*",
      },
      "devDependencies": {
        "bun-types": "^1.1.0",
        "typescript": "^5.4.0",
      },
    },
    "packages/cli": {
      "name": "@flitter/cli",
      "version": "0.1.0",
      "bin": {
        "flitter": "./bin/flitter.ts",
      },
      "dependencies": {
        "@flitter/agent-core": "workspace:*",
        "@flitter/data": "workspace:*",
        "@flitter/llm": "workspace:*",
        "@flitter/tui": "workspace:*",
      },
      "devDependencies": {
        "bun-types": "^1.1.0",
        "typescript": "^5.4.0",
      },
    },
    "packages/data": {
      "name": "@flitter/data",
      "version": "0.1.0",
      "dependencies": {
        "@flitter/schemas": "workspace:*",
        "@flitter/util": "workspace:*",
      },
      "devDependencies": {
        "bun-types": "^1.1.0",
        "typescript": "^5.4.0",
      },
    },
    "packages/flitter": {
      "name": "flitter",
      "version": "0.1.0",
      "dependencies": {
        "@flitter/agent-core": "workspace:*",
        "@flitter/cli": "workspace:*",
        "@flitter/data": "workspace:*",
        "@flitter/llm": "workspace:*",
        "@flitter/schemas": "workspace:*",
        "@flitter/tui": "workspace:*",
        "@flitter/util": "workspace:*",
      },
      "devDependencies": {
        "bun-types": "^1.1.0",
        "typescript": "^5.4.0",
      },
    },
    "packages/llm": {
      "name": "@flitter/llm",
      "version": "0.1.0",
      "dependencies": {
        "@flitter/schemas": "workspace:*",
        "@flitter/util": "workspace:*",
      },
      "devDependencies": {
        "bun-types": "^1.1.0",
        "typescript": "^5.4.0",
      },
    },
    "packages/schemas": {
      "name": "@flitter/schemas",
      "version": "0.1.0",
      "devDependencies": {
        "bun-types": "^1.1.0",
        "typescript": "^5.4.0",
      },
    },
    "packages/tui": {
      "name": "@flitter/tui",
      "version": "0.1.0",
      "devDependencies": {
        "bun-types": "^1.1.0",
        "typescript": "^5.4.0",
      },
    },
    "packages/util": {
      "name": "@flitter/util",
      "version": "0.1.0",
      "dependencies": {
        "@flitter/schemas": "workspace:*",
      },
      "devDependencies": {
        "bun-types": "^1.1.0",
        "typescript": "^5.4.0",
      },
    },
  },
  "packages": {
    "@flitter/agent-core": ["@flitter/agent-core@workspace:packages/agent-core"],

    "@flitter/cli": ["@flitter/cli@workspace:packages/cli"],

    "@flitter/data": ["@flitter/data@workspace:packages/data"],

    "@flitter/llm": ["@flitter/llm@workspace:packages/llm"],

    "@flitter/schemas": ["@flitter/schemas@workspace:packages/schemas"],

    "@flitter/tui": ["@flitter/tui@workspace:packages/tui"],

    "@flitter/util": ["@flitter/util@workspace:packages/util"],

    "@types/node": ["@types/node@25.5.0", "https://bnpm.byted.org/@types/node/-/node-25.5.0.tgz", { "dependencies": { "undici-types": "7.18.2" } }, "sha512-jp2P3tQMSxWugkCUKLRPVUpGaL5MVFwF8RDuSRztfwgN1wmqJeMSbKlnEtQqU8UrhTmzEmZdu2I6v2dpp7XIxw=="],

    "bun-types": ["bun-types@1.3.11", "https://bnpm.byted.org/bun-types/-/bun-types-1.3.11.tgz", { "dependencies": { "@types/node": "25.5.0" } }, "sha512-1KGPpoxQWl9f6wcZh57LvrPIInQMn2TQ7jsgxqpRzg+l0QPOFvJVH7HmvHo/AiPgwXy+/Thf6Ov3EdVn1vOabg=="],

    "flitter": ["flitter@workspace:packages/flitter"],

    "flitter-cli-app": ["flitter-cli-app@workspace:apps/flitter-cli"],

    "typescript": ["typescript@5.9.3", "https://bnpm.byted.org/typescript/-/typescript-5.9.3.tgz", { "bin": { "tsc": "bin/tsc", "tsserver": "bin/tsserver" } }, "sha512-jl1vZzPDinLr9eUt3J/t7V6FgNEw9QjvBPdysz9KfQDD41fQrC2Y4vKQdiaUpFT4bXlb1RHhLpp8wtm6M5TgSw=="],

    "undici-types": ["undici-types@7.18.2", "https://bnpm.byted.org/undici-types/-/undici-types-7.18.2.tgz", {}, "sha512-AsuCzffGHJybSaRrmr5eHr81mwJU3kjw6M+uprWvCXiNeN9SOGwQ3Jn8jb8m3Z6izVgknn1R0FTCEAP2QrLY/w=="],
  }
}
